// !$*UTF8*$!
{
	archiveVersion = 1;
	classes = {
	};
	objectVersion = 46;
	objects = {

/* Begin PBXBuildFile section */
		AF2DB98B1D703E6700376348 /* AppDelegate.swift in Sources */ = {isa = PBXBuildFile; fileRef = AF2DB98A1D703E6700376348 /* AppDelegate.swift */; };
		AF2DB98D1D703E6700376348 /* ViewController.swift in Sources */ = {isa = PBXBuildFile; fileRef = AF2DB98C1D703E6700376348 /* ViewController.swift */; };
		AF2DB9901D703E6700376348 /* Main.storyboard in Resources */ = {isa = PBXBuildFile; fileRef = AF2DB98E1D703E6700376348 /* Main.storyboard */; };
		AF2DB9921D703E6700376348 /* Assets.xcassets in Resources */ = {isa = PBXBuildFile; fileRef = AF2DB9911D703E6700376348 /* Assets.xcassets */; };
		AF2DB9951D703E6700376348 /* LaunchScreen.storyboard in Resources */ = {isa = PBXBuildFile; fileRef = AF2DB9931D703E6700376348 /* LaunchScreen.storyboard */; };
		AF75E4A41D706324000FC0B2 /* URLRequestComponents.swift in Sources */ = {isa = PBXBuildFile; fileRef = AF75E4A31D706324000FC0B2 /* URLRequestComponents.swift */; };
		AF75E4A61D706349000FC0B2 /* APNSTokenReceiver.swift in Sources */ = {isa = PBXBuildFile; fileRef = AF75E4A51D706349000FC0B2 /* APNSTokenReceiver.swift */; };
/* End PBXBuildFile section */

/* Begin PBXFileReference section */
		AF2DB9871D703E6700376348 /* iBuzzard.app */ = {isa = PBXFileReference; explicitFileType = wrapper.application; includeInIndex = 0; path = iBuzzard.app; sourceTree = BUILT_PRODUCTS_DIR; };
		AF2DB98A1D703E6700376348 /* AppDelegate.swift */ = {isa = PBXFileReference; lastKnownFileType = sourcecode.swift; path = AppDelegate.swift; sourceTree = "<group>"; };
		AF2DB98C1D703E6700376348 /* ViewController.swift */ = {isa = PBXFileReference; lastKnownFileType = sourcecode.swift; path = ViewController.swift; sourceTree = "<group>"; };
		AF2DB98F1D703E6700376348 /* Base */ = {isa = PBXFileReference; lastKnownFileType = file.storyboard; name = Base; path = Base.lproj/Main.storyboard; sourceTree = "<group>"; };
		AF2DB9911D703E6700376348 /* Assets.xcassets */ = {isa = PBXFileReference; lastKnownFileType = folder.assetcatalog; path = Assets.xcassets; sourceTree = "<group>"; };
		AF2DB9941D703E6700376348 /* Base */ = {isa = PBXFileReference; lastKnownFileType = file.storyboard; name = Base; path = Base.lproj/LaunchScreen.storyboard; sourceTree = "<group>"; };
		AF2DB9961D703E6700376348 /* Info.plist */ = {isa = PBXFileReference; lastKnownFileType = text.plist.xml; path = Info.plist; sourceTree = "<group>"; };
		AF75E4A31D706324000FC0B2 /* URLRequestComponents.swift */ = {isa = PBXFileReference; fileEncoding = 4; lastKnownFileType = sourcecode.swift; path = URLRequestComponents.swift; sourceTree = "<group>"; };
		AF75E4A51D706349000FC0B2 /* APNSTokenReceiver.swift */ = {isa = PBXFileReference; fileEncoding = 4; lastKnownFileType = sourcecode.swift; path = APNSTokenReceiver.swift; sourceTree = "<group>"; };
/* End PBXFileReference section */

/* Begin PBXFrameworksBuildPhase section */
		AF2DB9841D703E6700376348 /* Frameworks */ = {
			isa = PBXFrameworksBuildPhase;
			buildActionMask = 2147483647;
			files = (
			);
			runOnlyForDeploymentPostprocessing = 0;
		};
/* End PBXFrameworksBuildPhase section */

/* Begin PBXGroup section */
		AF2DB97E1D703E6700376348 = {
			isa = PBXGroup;
			children = (
				AF2DB9891D703E6700376348 /* iBuzzard */,
				AF2DB9881D703E6700376348 /* Products */,
			);
			sourceTree = "<group>";
		};
		AF2DB9881D703E6700376348 /* Products */ = {
			isa = PBXGroup;
			children = (
				AF2DB9871D703E6700376348 /* iBuzzard.app */,
			);
			name = Products;
			sourceTree = "<group>";
		};
		AF2DB9891D703E6700376348 /* iBuzzard */ = {
			isa = PBXGroup;
			children = (
				AF2DB98A1D703E6700376348 /* AppDelegate.swift */,
				AF2DB98C1D703E6700376348 /* ViewController.swift */,
				AF2DB98E1D703E6700376348 /* Main.storyboard */,
				AF2DB9911D703E6700376348 /* Assets.xcassets */,
				AF2DB9931D703E6700376348 /* LaunchScreen.storyboard */,
				AF2DB9961D703E6700376348 /* Info.plist */,
				AF75E4A31D706324000FC0B2 /* URLRequestComponents.swift */,
				AF75E4A51D706349000FC0B2 /* APNSTokenReceiver.swift */,
			);
			path = iBuzzard;
			sourceTree = "<group>";
		};
/* End PBXGroup section */

/* Begin PBXNativeTarget section */
		AF2DB9861D703E6700376348 /* iBuzzard */ = {
			isa = PBXNativeTarget;
			buildConfigurationList = AF2DB9991D703E6700376348 /* Build configuration list for PBXNativeTarget "iBuzzard" */;
			buildPhases = (
				AF2DB9831D703E6700376348 /* Sources */,
				AF2DB9841D703E6700376348 /* Frameworks */,
				AF2DB9851D703E6700376348 /* Resources */,
			);
			buildRules = (
			);
			dependencies = (
			);
			name = iBuzzard;
			productName = iBuzzard;
			productReference = AF2DB9871D703E6700376348 /* iBuzzard.app */;
			productType = "com.apple.product-type.application";
		};
/* End PBXNativeTarget section */

/* Begin PBXProject section */
		AF2DB97F1D703E6700376348 /* Project object */ = {
			isa = PBXProject;
			attributes = {
				LastSwiftUpdateCheck = 0730;
				LastUpgradeCheck = 0730;
				ORGANIZATIONNAME = "Trifork GmbH";
				TargetAttributes = {
					AF2DB9861D703E6700376348 = {
						CreatedOnToolsVersion = 7.3.1;
						DevelopmentTeam = MNVR8XCYPS;
						SystemCapabilities = {
							com.apple.Push = {
								enabled = 1;
							};
						};
					};
				};
			};
			buildConfigurationList = AF2DB9821D703E6700376348 /* Build configuration list for PBXProject "iBuzzard" */;
			compatibilityVersion = "Xcode 3.2";
			developmentRegion = English;
			hasScannedForEncodings = 0;
			knownRegions = (
				en,
				Base,
			);
			mainGroup = AF2DB97E1D703E6700376348;
			productRefGroup = AF2DB9881D703E6700376348 /* Products */;
			projectDirPath = "";
			projectRoot = "";
			targets = (
				AF2DB9861D703E6700376348 /* iBuzzard */,
			);
		};
/* End PBXProject section */

/* Begin PBXResourcesBuildPhase section */
		AF2DB9851D703E6700376348 /* Resources */ = {
			isa = PBXResourcesBuildPhase;
			buildActionMask = 2147483647;
			files = (
				AF2DB9951D703E6700376348 /* LaunchScreen.storyboard in Resources */,
				AF2DB9921D703E6700376348 /* Assets.xcassets in Resources */,
				AF2DB9901D703E6700376348 /* Main.storyboard in Resources */,
			);
			runOnlyForDeploymentPostprocessing = 0;
		};
/* End PBXResourcesBuildPhase section */

/* Begin PBXSourcesBuildPhase section */
		AF2DB9831D703E6700376348 /* Sources */ = {
			isa = PBXSourcesBuildPhase;
			buildActionMask = 2147483647;
			files = (
				AF2DB98D1D703E6700376348 /* ViewController.swift in Sources */,
				AF2DB98B1D703E6700376348 /* AppDelegate.swift in Sources */,
				AF75E4A61D706349000FC0B2 /* APNSTokenReceiver.swift in Sources */,
				AF75E4A41D706324000FC0B2 /* URLRequestComponents.swift in Sources */,
			);
			runOnlyForDeploymentPostprocessing = 0;
		};
/* End PBXSourcesBuildPhase section */

/* Begin PBXVariantGroup section */
		AF2DB98E1D703E6700376348 /* Main.storyboard */ = {
			isa = PBXVariantGroup;
			children = (
				AF2DB98F1D703E6700376348 /* Base */,
			);
			name = Main.storyboard;
			sourceTree = "<group>";
		};
		AF2DB9931D703E6700376348 /* LaunchScreen.storyboard */ = {
			isa = PBXVariantGroup;
			children = (
				AF2DB9941D703E6700376348 /* Base */,
			);
			name = LaunchScreen.storyboard;
			sourceTree = "<group>";
		};
/* End PBXVariantGroup section */

/* Begin XCBuildConfiguration section */
		AF2DB9971D703E6700376348 /* Debug */ = {
			isa = XCBuildConfiguration;
			buildSettings = {
				ALWAYS_SEARCH_USER_PATHS = NO;
				CLANG_ANALYZER_NONNULL = YES;
				CLANG_CXX_LANGUAGE_STANDARD = "gnu++0x";
				CLANG_CXX_LIBRARY = "libc++";
				CLANG_ENABLE_MODULES = YES;
				CLANG_ENABLE_OBJC_ARC = YES;
				CLANG_WARN_BOOL_CONVERSION = YES;
				CLANG_WARN_CONSTANT_CONVERSION = YES;
				CLANG_WARN_DIRECT_OBJC_ISA_USAGE = YES_ERROR;
				CLANG_WARN_EMPTY_BODY = YES;
				CLANG_WARN_ENUM_CONVERSION = YES;
				CLANG_WARN_INT_CONVERSION = YES;
				CLANG_WARN_OBJC_ROOT_CLASS = YES_ERROR;
				CLANG_WARN_UNREACHABLE_CODE = YES;
				CLANG_WARN__DUPLICATE_METHOD_MATCH = YES;
				"CODE_SIGN_IDENTITY[sdk=iphoneos*]" = "iPhone Developer";
				COPY_PHASE_STRIP = NO;
				DEBUG_INFORMATION_FORMAT = dwarf;
				ENABLE_STRICT_OBJC_MSGSEND = YES;
				ENABLE_TESTABILITY = YES;
				GCC_C_LANGUAGE_STANDARD = gnu99;
				GCC_DYNAMIC_NO_PIC = NO;
				GCC_NO_COMMON_BLOCKS = YES;
				GCC_OPTIMIZATION_LEVEL = 0;
				GCC_PREPROCESSOR_DEFINITIONS = (
					"DEBUG=1",
					"$(inherited)",
				);
				GCC_WARN_64_TO_32_BIT_CONVERSION = YES;
				GCC_WARN_ABOUT_RETURN_TYPE = YES_ERROR;
				GCC_WARN_UNDECLARED_SELECTOR = YES;
				GCC_WARN_UNINITIALIZED_AUTOS = YES_AGGRESSIVE;
				GCC_WARN_UNUSED_FUNCTION = YES;
				GCC_WARN_UNUSED_VARIABLE = YES;
				IPHONEOS_DEPLOYMENT_TARGET = 9.3;
				MTL_ENABLE_DEBUG_INFO = YES;
				ONLY_ACTIVE_ARCH = YES;
				PROVISIONING_PROFILE = "9e95be8f-a34e-4328-bef8-66e66550aa44";
				SDKROOT = iphoneos;
				SWIFT_OPTIMIZATION_LEVEL = "-Onone";
			};
			name = Debug;
		};
		AF2DB9981D703E6700376348 /* Release */ = {
			isa = XCBuildConfiguration;
			buildSettings = {
				ALWAYS_SEARCH_USER_PATHS = NO;
				CLANG_ANALYZER_NONNULL = YES;
				CLANG_CXX_LANGUAGE_STANDARD = "gnu++0x";
				CLANG_CXX_LIBRARY = "libc++";
				CLANG_ENABLE_MODULES = YES;
				CLANG_ENABLE_OBJC_ARC = YES;
				CLANG_WARN_BOOL_CONVERSION = YES;
				CLANG_WARN_CONSTANT_CONVERSION = YES;
				CLANG_WARN_DIRECT_OBJC_ISA_USAGE = YES_ERROR;
				CLANG_WARN_EMPTY_BODY = YES;
				CLANG_WARN_ENUM_CONVERSION = YES;
				CLANG_WARN_INT_CONVERSION = YES;
				CLANG_WARN_OBJC_ROOT_CLASS = YES_ERROR;
				CLANG_WARN_UNREACHABLE_CODE = YES;
				CLANG_WARN__DUPLICATE_METHOD_MATCH = YES;
				"CODE_SIGN_IDENTITY[sdk=iphoneos*]" = "iPhone Developer";
				COPY_PHASE_STRIP = NO;
				DEBUG_INFORMATION_FORMAT = "dwarf-with-dsym";
				ENABLE_NS_ASSERTIONS = NO;
				ENABLE_STRICT_OBJC_MSGSEND = YES;
				GCC_C_LANGUAGE_STANDARD = gnu99;
				GCC_NO_COMMON_BLOCKS = YES;
				GCC_WARN_64_TO_32_BIT_CONVERSION = YES;
				GCC_WARN_ABOUT_RETURN_TYPE = YES_ERROR;
				GCC_WARN_UNDECLARED_SELECTOR = YES;
				GCC_WARN_UNINITIALIZED_AUTOS = YES_AGGRESSIVE;
				GCC_WARN_UNUSED_FUNCTION = YES;
				GCC_WARN_UNUSED_VARIABLE = YES;
				IPHONEOS_DEPLOYMENT_TARGET = 9.3;
				MTL_ENABLE_DEBUG_INFO = NO;
				PROVISIONING_PROFILE = "dccc9ff9-7a98-4a17-93c7-d6bc4b650c67";
				SDKROOT = iphoneos;
				VALIDATE_PRODUCT = YES;
			};
			name = Release;
		};
		AF2DB99A1D703E6700376348 /* Debug */ = {
			isa = XCBuildConfiguration;
			buildSettings = {
				ASSETCATALOG_COMPILER_APPICON_NAME = AppIcon;
				FRAMEWORK_SEARCH_PATHS = (
					"$(inherited)",
					"$(PROJECT_DIR)/iBuzzard",
				);
				INFOPLIST_FILE = iBuzzard/Info.plist;
				LD_RUNPATH_SEARCH_PATHS = "$(inherited) @executable_path/Frameworks";
				PRODUCT_BUNDLE_IDENTIFIER = com.trifork.ibuzzard;
				PRODUCT_NAME = "$(TARGET_NAME)";
			};
			name = Debug;
		};
		AF2DB99B1D703E6700376348 /* Release */ = {
			isa = XCBuildConfiguration;
			buildSettings = {
				ASSETCATALOG_COMPILER_APPICON_NAME = AppIcon;
				FRAMEWORK_SEARCH_PATHS = (
					"$(inherited)",
					"$(PROJECT_DIR)/iBuzzard",
				);
				INFOPLIST_FILE = iBuzzard/Info.plist;
				LD_RUNPATH_SEARCH_PATHS = "$(inherited) @executable_path/Frameworks";
				PRODUCT_BUNDLE_IDENTIFIER = com.trifork.ibuzzard;
				PRODUCT_NAME = "$(TARGET_NAME)";
			};
			name = Release;
		};
/* End XCBuildConfiguration section */

/* Begin XCConfigurationList section */
		AF2DB9821D703E6700376348 /* Build configuration list for PBXProject "iBuzzard" */ = {
			isa = XCConfigurationList;
			buildConfigurations = (
				AF2DB9971D703E6700376348 /* Debug */,
				AF2DB9981D703E6700376348 /* Release */,
			);
			defaultConfigurationIsVisible = 0;
			defaultConfigurationName = Release;
		};
		AF2DB9991D703E6700376348 /* Build configuration list for PBXNativeTarget "iBuzzard" */ = {
			isa = XCConfigurationList;
			buildConfigurations = (
				AF2DB99A1D703E6700376348 /* Debug */,
				AF2DB99B1D703E6700376348 /* Release */,
			);
			defaultConfigurationIsVisible = 0;
			defaultConfigurationName = Release;
		};
/* End XCConfigurationList section */
	};
	rootObject = AF2DB97F1D703E6700376348 /* Project object */;
}
